
Microsoft Visual Studio Solution File, Format Version 12.00
# Visual Studio Version 17
VisualStudioVersion = 17.4.33213.308
MinimumVisualStudioVersion = 10.0.40219.1
Project("{FAE04EC0-301F-11D3-BF4B-00C04F79EFBC}") = "AutoresAPI", "AutoresAPI\AutoresAPI.csproj", "{2F474E10-D63D-4A7B-9D8A-E89F133EE748}"
EndProject
Global
	GlobalSection(SolutionConfigurationPlatforms) = preSolution
		Debug|Any CPU = Debug|Any CPU
		Release|Any CPU = Release|Any CPU
	EndGlobalSection
	GlobalSection(ProjectConfigurationPlatforms) = postSolution
		{2F474E10-D63D-4A7B-9D8A-E89F133EE748}.Debug|Any CPU.ActiveCfg = Debug|Any CPU
		{2F474E10-D63D-4A7B-9D8A-E89F133EE748}.Debug|Any CPU.Build.0 = Debug|Any CPU
		{2F474E10-D63D-4A7B-9D8A-E89F133EE748}.Release|Any CPU.ActiveCfg = Release|Any CPU
		{2F474E10-D63D-4A7B-9D8A-E89F133EE748}.Release|Any CPU.Build.0 = Release|Any CPU
	EndGlobalSection
	GlobalSection(SolutionProperties) = preSolution
		HideSolutionNode = FALSE
	EndGlobalSection
	GlobalSection(ExtensibilityGlobals) = postSolution
		SolutionGuid = {689F8FAB-1E86-4052-9EB5-320E52878E27}
	EndGlobalSection
EndGlobal
